
Microsoft Visual Studio Solution File, Format Version 12.00
Project("{FAE04EC0-301F-11D3-BF4B-00C04F79EFBC}") = "AnnouncementCreatorBot", "AnnouncementCreatorBot.csproj", "{880C7804-FE17-430F-8AA0-7450D817DD60}"
EndProject
Global
	GlobalSection(SolutionConfigurationPlatforms) = preSolution
		Debug|Any CPU = Debug|Any CPU
		Release|Any CPU = Release|Any CPU
	EndGlobalSection
	GlobalSection(ProjectConfigurationPlatforms) = postSolution
		{880C7804-FE17-430F-8AA0-7450D817DD60}.Debug|Any CPU.ActiveCfg = Debug|Any CPU
		{880C7804-FE17-430F-8AA0-7450D817DD60}.Debug|Any CPU.Build.0 = Debug|Any CPU
		{880C7804-FE17-430F-8AA0-7450D817DD60}.Release|Any CPU.ActiveCfg = Release|Any CPU
		{880C7804-FE17-430F-8AA0-7450D817DD60}.Release|Any CPU.Build.0 = Release|Any CPU
	EndGlobalSection
EndGlobal
